
Microsoft Visual Studio Solution File, Format Version 12.00
# Visual Studio 15
VisualStudioVersion = 15.0.27703.2047
MinimumVisualStudioVersion = 10.0.40219.1
Project("{8BC9CEB8-8B4A-11D0-8D11-00A0C91BC942}") = "Hive_Attack", "Hive_Attack\Hive_Attack.vcxproj", "{24F0DE5D-ED50-4B6C-A4C5-CD2B916FD61E}"
EndProject
Global
	GlobalSection(SolutionConfigurationPlatforms) = preSolution
		Debug|x64 = Debug|x64
		Debug|x86 = Debug|x86
		Release|x64 = Release|x64
		Release|x86 = Release|x86
	EndGlobalSection
	GlobalSection(ProjectConfigurationPlatforms) = postSolution
		{24F0DE5D-ED50-4B6C-A4C5-CD2B916FD61E}.Debug|x64.ActiveCfg = Debug|x64
		{24F0DE5D-ED50-4B6C-A4C5-CD2B916FD61E}.Debug|x64.Build.0 = Debug|x64
		{24F0DE5D-ED50-4B6C-A4C5-CD2B916FD61E}.Debug|x86.ActiveCfg = Debug|Win32
		{24F0DE5D-ED50-4B6C-A4C5-CD2B916FD61E}.Debug|x86.Build.0 = Debug|Win32
		{24F0DE5D-ED50-4B6C-A4C5-CD2B916FD61E}.Release|x64.ActiveCfg = Release|x64
		{24F0DE5D-ED50-4B6C-A4C5-CD2B916FD61E}.Release|x64.Build.0 = Release|x64
		{24F0DE5D-ED50-4B6C-A4C5-CD2B916FD61E}.Release|x86.ActiveCfg = Release|Win32
		{24F0DE5D-ED50-4B6C-A4C5-CD2B916FD61E}.Release|x86.Build.0 = Release|Win32
	EndGlobalSection
	GlobalSection(SolutionProperties) = preSolution
		HideSolutionNode = FALSE
	EndGlobalSection
	GlobalSection(ExtensibilityGlobals) = postSolution
		SolutionGuid = {2E182B3D-D802-43ED-8837-43C9A62BBBFC}
	EndGlobalSection
EndGlobal
